
Microsoft Visual Studio Solution File, Format Version 12.00
# Visual Studio Version 17
VisualStudioVersion = 17.6.33815.320
MinimumVisualStudioVersion = 10.0.40219.1
Project("{FAE04EC0-301F-11D3-BF4B-00C04F79EFBC}") = "Book Reading Time Calculator", "Book Reading Time Calculator.csproj", "{6EF9E404-299F-4725-9FE7-0DB94045EC93}"
EndProject
Global
	GlobalSection(SolutionConfigurationPlatforms) = preSolution
		Debug|Any CPU = Debug|Any CPU
		Release|Any CPU = Release|Any CPU
	EndGlobalSection
	GlobalSection(ProjectConfigurationPlatforms) = postSolution
		{6EF9E404-299F-4725-9FE7-0DB94045EC93}.Debug|Any CPU.ActiveCfg = Debug|Any CPU
		{6EF9E404-299F-4725-9FE7-0DB94045EC93}.Debug|Any CPU.Build.0 = Debug|Any CPU
		{6EF9E404-299F-4725-9FE7-0DB94045EC93}.Release|Any CPU.ActiveCfg = Release|Any CPU
		{6EF9E404-299F-4725-9FE7-0DB94045EC93}.Release|Any CPU.Build.0 = Release|Any CPU
	EndGlobalSection
	GlobalSection(SolutionProperties) = preSolution
		HideSolutionNode = FALSE
	EndGlobalSection
	GlobalSection(ExtensibilityGlobals) = postSolution
		SolutionGuid = {9A9ED6E9-8370-4D4A-BDF9-11049B8A517C}
	EndGlobalSection
EndGlobal
